
Microsoft Visual Studio Solution File, Format Version 12.00
# Visual Studio Version 17
VisualStudioVersion = 17.4.33213.308
MinimumVisualStudioVersion = 10.0.40219.1
Project("{54A90642-561A-4BB1-A94E-469ADEE60C69}") = "cartek", "cartek.esproj", "{E5008CB5-AD4B-4A61-B6D2-E2448C5150BB}"
EndProject
Global
	GlobalSection(SolutionConfigurationPlatforms) = preSolution
		Debug|Any CPU = Debug|Any CPU
		Release|Any CPU = Release|Any CPU
	EndGlobalSection
	GlobalSection(ProjectConfigurationPlatforms) = postSolution
		{E5008CB5-AD4B-4A61-B6D2-E2448C5150BB}.Debug|Any CPU.ActiveCfg = Debug|Any CPU
		{E5008CB5-AD4B-4A61-B6D2-E2448C5150BB}.Debug|Any CPU.Build.0 = Debug|Any CPU
		{E5008CB5-AD4B-4A61-B6D2-E2448C5150BB}.Debug|Any CPU.Deploy.0 = Debug|Any CPU
		{E5008CB5-AD4B-4A61-B6D2-E2448C5150BB}.Release|Any CPU.ActiveCfg = Release|Any CPU
		{E5008CB5-AD4B-4A61-B6D2-E2448C5150BB}.Release|Any CPU.Build.0 = Release|Any CPU
		{E5008CB5-AD4B-4A61-B6D2-E2448C5150BB}.Release|Any CPU.Deploy.0 = Release|Any CPU
	EndGlobalSection
	GlobalSection(SolutionProperties) = preSolution
		HideSolutionNode = FALSE
	EndGlobalSection
	GlobalSection(ExtensibilityGlobals) = postSolution
		SolutionGuid = {D4F45DAA-5E6C-4C1A-A9C3-BE6300ED4538}
	EndGlobalSection
EndGlobal
